
Microsoft Visual Studio Solution File, Format Version 12.00
# Visual Studio Version 17
VisualStudioVersion = 17.14.36301.6 d17.14
MinimumVisualStudioVersion = 10.0.40219.1
Project("{FAE04EC0-301F-11D3-BF4B-00C04F79EFBC}") = "Match3GameCS", "Match3GameCS.csproj", "{71235E9B-C00F-4447-8D99-E9F75C34F0EB}"
EndProject
Global
	GlobalSection(SolutionConfigurationPlatforms) = preSolution
		Debug|Any CPU = Debug|Any CPU
		Release|Any CPU = Release|Any CPU
	EndGlobalSection
	GlobalSection(ProjectConfigurationPlatforms) = postSolution
		{71235E9B-C00F-4447-8D99-E9F75C34F0EB}.Debug|Any CPU.ActiveCfg = Debug|Any CPU
		{71235E9B-C00F-4447-8D99-E9F75C34F0EB}.Debug|Any CPU.Build.0 = Debug|Any CPU
		{71235E9B-C00F-4447-8D99-E9F75C34F0EB}.Release|Any CPU.ActiveCfg = Release|Any CPU
		{71235E9B-C00F-4447-8D99-E9F75C34F0EB}.Release|Any CPU.Build.0 = Release|Any CPU
	EndGlobalSection
	GlobalSection(SolutionProperties) = preSolution
		HideSolutionNode = FALSE
	EndGlobalSection
	GlobalSection(ExtensibilityGlobals) = postSolution
		SolutionGuid = {44715D0E-84D7-41BE-A44B-BDFFA7F95E01}
	EndGlobalSection
EndGlobal
